
Microsoft Visual Studio Solution File, Format Version 12.00
# Visual Studio Version 17
VisualStudioVersion = 17.14.36414.22 d17.14
MinimumVisualStudioVersion = 10.0.40219.1
Project("{FAE04EC0-301F-11D3-BF4B-00C04F79EFBC}") = "CalcularArea", "CalcularArea\CalcularArea.csproj", "{68C95CA0-24C6-4908-BDB8-CA0CF45D1212}"
EndProject
Global
	GlobalSection(SolutionConfigurationPlatforms) = preSolution
		Debug|Any CPU = Debug|Any CPU
		Release|Any CPU = Release|Any CPU
	EndGlobalSection
	GlobalSection(ProjectConfigurationPlatforms) = postSolution
		{68C95CA0-24C6-4908-BDB8-CA0CF45D1212}.Debug|Any CPU.ActiveCfg = Debug|Any CPU
		{68C95CA0-24C6-4908-BDB8-CA0CF45D1212}.Debug|Any CPU.Build.0 = Debug|Any CPU
		{68C95CA0-24C6-4908-BDB8-CA0CF45D1212}.Release|Any CPU.ActiveCfg = Release|Any CPU
		{68C95CA0-24C6-4908-BDB8-CA0CF45D1212}.Release|Any CPU.Build.0 = Release|Any CPU
	EndGlobalSection
	GlobalSection(SolutionProperties) = preSolution
		HideSolutionNode = FALSE
	EndGlobalSection
	GlobalSection(ExtensibilityGlobals) = postSolution
		SolutionGuid = {DD4A04F4-E62A-45A9-B669-713B6613F0F3}
	EndGlobalSection
EndGlobal
